
Microsoft Visual Studio Solution File, Format Version 12.00
# Visual Studio 2012
Project("{FAE04EC0-301F-11D3-BF4B-00C04F79EFBC}") = "MVCMovie", "MVCMovie\MVCMovie.csproj", "{95AE66F1-6E59-4C6B-8542-EA584936B8F0}"
EndProject
Global
	GlobalSection(SolutionConfigurationPlatforms) = preSolution
		Debug|Any CPU = Debug|Any CPU
		Release|Any CPU = Release|Any CPU
	EndGlobalSection
	GlobalSection(ProjectConfigurationPlatforms) = postSolution
		{95AE66F1-6E59-4C6B-8542-EA584936B8F0}.Debug|Any CPU.ActiveCfg = Debug|Any CPU
		{95AE66F1-6E59-4C6B-8542-EA584936B8F0}.Debug|Any CPU.Build.0 = Debug|Any CPU
		{95AE66F1-6E59-4C6B-8542-EA584936B8F0}.Release|Any CPU.ActiveCfg = Release|Any CPU
		{95AE66F1-6E59-4C6B-8542-EA584936B8F0}.Release|Any CPU.Build.0 = Release|Any CPU
	EndGlobalSection
EndGlobal
